
Microsoft Visual Studio Solution File, Format Version 12.00
# Visual Studio Version 16
VisualStudioVersion = 16.0.31410.357
MinimumVisualStudioVersion = 10.0.40219.1
Project("{FAE04EC0-301F-11D3-BF4B-00C04F79EFBC}") = "Datatypes_And_Variables", "Datatypes_And_Variables\Datatypes_And_Variables.csproj", "{66A55172-2D37-4620-B7C9-1EA257BB5AF8}"
EndProject
Global
	GlobalSection(SolutionConfigurationPlatforms) = preSolution
		Debug|Any CPU = Debug|Any CPU
		Release|Any CPU = Release|Any CPU
	EndGlobalSection
	GlobalSection(ProjectConfigurationPlatforms) = postSolution
		{66A55172-2D37-4620-B7C9-1EA257BB5AF8}.Debug|Any CPU.ActiveCfg = Debug|Any CPU
		{66A55172-2D37-4620-B7C9-1EA257BB5AF8}.Debug|Any CPU.Build.0 = Debug|Any CPU
		{66A55172-2D37-4620-B7C9-1EA257BB5AF8}.Release|Any CPU.ActiveCfg = Release|Any CPU
		{66A55172-2D37-4620-B7C9-1EA257BB5AF8}.Release|Any CPU.Build.0 = Release|Any CPU
	EndGlobalSection
	GlobalSection(SolutionProperties) = preSolution
		HideSolutionNode = FALSE
	EndGlobalSection
	GlobalSection(ExtensibilityGlobals) = postSolution
		SolutionGuid = {DEBFC9E4-E40B-4EC3-AD2A-481D3DBC935B}
	EndGlobalSection
EndGlobal
